// !$*UTF8*$!
{
	archiveVersion = 1;
	classes = {
	};
	objectVersion = 46;
	objects = {

/* Begin PBXBuildFile section */
		39F9BAEC1BE8D82600161C1E /* main.m in Sources */ = {isa = PBXBuildFile; fileRef = 39F9BAEB1BE8D82600161C1E /* main.m */; };
		39F9BAEF1BE8D82600161C1E /* AppDelegate.m in Sources */ = {isa = PBXBuildFile; fileRef = 39F9BAEE1BE8D82600161C1E /* AppDelegate.m */; };
		39F9BAF21BE8D82600161C1E /* OnboardingContentViewController.m in Sources */ = {isa = PBXBuildFile; fileRef = 39F9BAF11BE8D82600161C1E /* OnboardingContentViewController.m */; };
		39F9BAF81BE8D82600161C1E /* MLOnboarding.xcdatamodeld in Sources */ = {isa = PBXBuildFile; fileRef = 39F9BAF61BE8D82600161C1E /* MLOnboarding.xcdatamodeld */; };
		39F9BAFA1BE8D82600161C1E /* Assets.xcassets in Resources */ = {isa = PBXBuildFile; fileRef = 39F9BAF91BE8D82600161C1E /* Assets.xcassets */; };
		39F9BAFD1BE8D82600161C1E /* LaunchScreen.storyboard in Resources */ = {isa = PBXBuildFile; fileRef = 39F9BAFB1BE8D82600161C1E /* LaunchScreen.storyboard */; };
		39F9BB081BE8D82600161C1E /* MLOnboardingTests.m in Sources */ = {isa = PBXBuildFile; fileRef = 39F9BB071BE8D82600161C1E /* MLOnboardingTests.m */; };
		39F9BB131BE8D82600161C1E /* MLOnboardingUITests.m in Sources */ = {isa = PBXBuildFile; fileRef = 39F9BB121BE8D82600161C1E /* MLOnboardingUITests.m */; };
		39F9BB221BE8D9F800161C1E /* OnboardingViewController.m in Sources */ = {isa = PBXBuildFile; fileRef = 39F9BB211BE8D9F800161C1E /* OnboardingViewController.m */; };
/* End PBXBuildFile section */

/* Begin PBXContainerItemProxy section */
		39F9BB041BE8D82600161C1E /* PBXContainerItemProxy */ = {
			isa = PBXContainerItemProxy;
			containerPortal = 39F9BADF1BE8D82600161C1E /* Project object */;
			proxyType = 1;
			remoteGlobalIDString = 39F9BAE61BE8D82600161C1E;
			remoteInfo = MLOnboarding;
		};
		39F9BB0F1BE8D82600161C1E /* PBXContainerItemProxy */ = {
			isa = PBXContainerItemProxy;
			containerPortal = 39F9BADF1BE8D82600161C1E /* Project object */;
			proxyType = 1;
			remoteGlobalIDString = 39F9BAE61BE8D82600161C1E;
			remoteInfo = MLOnboarding;
		};
/* End PBXContainerItemProxy section */

/* Begin PBXFileReference section */
		39F9BAE71BE8D82600161C1E /* MLOnboarding.app */ = {isa = PBXFileReference; explicitFileType = wrapper.application; includeInIndex = 0; path = MLOnboarding.app; sourceTree = BUILT_PRODUCTS_DIR; };
		39F9BAEB1BE8D82600161C1E /* main.m */ = {isa = PBXFileReference; lastKnownFileType = sourcecode.c.objc; path = main.m; sourceTree = "<group>"; };
		39F9BAED1BE8D82600161C1E /* AppDelegate.h */ = {isa = PBXFileReference; lastKnownFileType = sourcecode.c.h; path = AppDelegate.h; sourceTree = "<group>"; };
		39F9BAEE1BE8D82600161C1E /* AppDelegate.m */ = {isa = PBXFileReference; lastKnownFileType = sourcecode.c.objc; path = AppDelegate.m; sourceTree = "<group>"; };
		39F9BAF01BE8D82600161C1E /* OnboardingContentViewController.h */ = {isa = PBXFileReference; lastKnownFileType = sourcecode.c.h; path = OnboardingContentViewController.h; sourceTree = "<group>"; };
		39F9BAF11BE8D82600161C1E /* OnboardingContentViewController.m */ = {isa = PBXFileReference; lastKnownFileType = sourcecode.c.objc; path = OnboardingContentViewController.m; sourceTree = "<group>"; };
		39F9BAF71BE8D82600161C1E /* MLOnboarding.xcdatamodel */ = {isa = PBXFileReference; lastKnownFileType = wrapper.xcdatamodel; path = MLOnboarding.xcdatamodel; sourceTree = "<group>"; };
		39F9BAF91BE8D82600161C1E /* Assets.xcassets */ = {isa = PBXFileReference; lastKnownFileType = folder.assetcatalog; path = Assets.xcassets; sourceTree = "<group>"; };
		39F9BAFC1BE8D82600161C1E /* Base */ = {isa = PBXFileReference; lastKnownFileType = file.storyboard; name = Base; path = Base.lproj/LaunchScreen.storyboard; sourceTree = "<group>"; };
		39F9BAFE1BE8D82600161C1E /* Info.plist */ = {isa = PBXFileReference; lastKnownFileType = text.plist.xml; path = Info.plist; sourceTree = "<group>"; };
		39F9BB031BE8D82600161C1E /* MLOnboardingTests.xctest */ = {isa = PBXFileReference; explicitFileType = wrapper.cfbundle; includeInIndex = 0; path = MLOnboardingTests.xctest; sourceTree = BUILT_PRODUCTS_DIR; };
		39F9BB071BE8D82600161C1E /* MLOnboardingTests.m */ = {isa = PBXFileReference; lastKnownFileType = sourcecode.c.objc; path = MLOnboardingTests.m; sourceTree = "<group>"; };
		39F9BB091BE8D82600161C1E /* Info.plist */ = {isa = PBXFileReference; lastKnownFileType = text.plist.xml; path = Info.plist; sourceTree = "<group>"; };
		39F9BB0E1BE8D82600161C1E /* MLOnboardingUITests.xctest */ = {isa = PBXFileReference; explicitFileType = wrapper.cfbundle; includeInIndex = 0; path = MLOnboardingUITests.xctest; sourceTree = BUILT_PRODUCTS_DIR; };
		39F9BB121BE8D82600161C1E /* MLOnboardingUITests.m */ = {isa = PBXFileReference; lastKnownFileType = sourcecode.c.objc; path = MLOnboardingUITests.m; sourceTree = "<group>"; };
		39F9BB141BE8D82600161C1E /* Info.plist */ = {isa = PBXFileReference; lastKnownFileType = text.plist.xml; path = Info.plist; sourceTree = "<group>"; };
		39F9BB201BE8D9F800161C1E /* OnboardingViewController.h */ = {isa = PBXFileReference; fileEncoding = 4; lastKnownFileType = sourcecode.c.h; path = OnboardingViewController.h; sourceTree = "<group>"; };
		39F9BB211BE8D9F800161C1E /* OnboardingViewController.m */ = {isa = PBXFileReference; fileEncoding = 4; lastKnownFileType = sourcecode.c.objc; path = OnboardingViewController.m; sourceTree = "<group>"; };
/* End PBXFileReference section */

/* Begin PBXFrameworksBuildPhase section */
		39F9BAE41BE8D82600161C1E /* Frameworks */ = {
			isa = PBXFrameworksBuildPhase;
			buildActionMask = 2147483647;
			files = (
			);
			runOnlyForDeploymentPostprocessing = 0;
		};
		39F9BB001BE8D82600161C1E /* Frameworks */ = {
			isa = PBXFrameworksBuildPhase;
			buildActionMask = 2147483647;
			files = (
			);
			runOnlyForDeploymentPostprocessing = 0;
		};
		39F9BB0B1BE8D82600161C1E /* Frameworks */ = {
			isa = PBXFrameworksBuildPhase;
			buildActionMask = 2147483647;
			files = (
			);
			runOnlyForDeploymentPostprocessing = 0;
		};
/* End PBXFrameworksBuildPhase section */

/* Begin PBXGroup section */
		39F9BADE1BE8D82600161C1E = {
			isa = PBXGroup;
			children = (
				39F9BAE91BE8D82600161C1E /* MLOnboarding */,
				39F9BB061BE8D82600161C1E /* MLOnboardingTests */,
				39F9BB111BE8D82600161C1E /* MLOnboardingUITests */,
				39F9BAE81BE8D82600161C1E /* Products */,
			);
			sourceTree = "<group>";
		};
		39F9BAE81BE8D82600161C1E /* Products */ = {
			isa = PBXGroup;
			children = (
				39F9BAE71BE8D82600161C1E /* MLOnboarding.app */,
				39F9BB031BE8D82600161C1E /* MLOnboardingTests.xctest */,
				39F9BB0E1BE8D82600161C1E /* MLOnboardingUITests.xctest */,
			);
			name = Products;
			sourceTree = "<group>";
		};
		39F9BAE91BE8D82600161C1E /* MLOnboarding */ = {
			isa = PBXGroup;
			children = (
				39F9BAED1BE8D82600161C1E /* AppDelegate.h */,
				39F9BAEE1BE8D82600161C1E /* AppDelegate.m */,
				39F9BB201BE8D9F800161C1E /* OnboardingViewController.h */,
				39F9BB211BE8D9F800161C1E /* OnboardingViewController.m */,
				39F9BAF01BE8D82600161C1E /* OnboardingContentViewController.h */,
				39F9BAF11BE8D82600161C1E /* OnboardingContentViewController.m */,
				39F9BAF91BE8D82600161C1E /* Assets.xcassets */,
				39F9BAFB1BE8D82600161C1E /* LaunchScreen.storyboard */,
				39F9BAFE1BE8D82600161C1E /* Info.plist */,
				39F9BAF61BE8D82600161C1E /* MLOnboarding.xcdatamodeld */,
				39F9BAEA1BE8D82600161C1E /* Supporting Files */,
			);
			path = MLOnboarding;
			sourceTree = "<group>";
		};
		39F9BAEA1BE8D82600161C1E /* Supporting Files */ = {
			isa = PBXGroup;
			children = (
				39F9BAEB1BE8D82600161C1E /* main.m */,
			);
			name = "Supporting Files";
			sourceTree = "<group>";
		};
		39F9BB061BE8D82600161C1E /* MLOnboardingTests */ = {
			isa = PBXGroup;
			children = (
				39F9BB071BE8D82600161C1E /* MLOnboardingTests.m */,
				39F9BB091BE8D82600161C1E /* Info.plist */,
			);
			path = MLOnboardingTests;
			sourceTree = "<group>";
		};
		39F9BB111BE8D82600161C1E /* MLOnboardingUITests */ = {
			isa = PBXGroup;
			children = (
				39F9BB121BE8D82600161C1E /* MLOnboardingUITests.m */,
				39F9BB141BE8D82600161C1E /* Info.plist */,
			);
			path = MLOnboardingUITests;
			sourceTree = "<group>";
		};
/* End PBXGroup section */

/* Begin PBXNativeTarget section */
		39F9BAE61BE8D82600161C1E /* MLOnboarding */ = {
			isa = PBXNativeTarget;
			buildConfigurationList = 39F9BB171BE8D82600161C1E /* Build configuration list for PBXNativeTarget "MLOnboarding" */;
			buildPhases = (
				39F9BAE31BE8D82600161C1E /* Sources */,
				39F9BAE41BE8D82600161C1E /* Frameworks */,
				39F9BAE51BE8D82600161C1E /* Resources */,
			);
			buildRules = (
			);
			dependencies = (
			);
			name = MLOnboarding;
			productName = MLOnboarding;
			productReference = 39F9BAE71BE8D82600161C1E /* MLOnboarding.app */;
			productType = "com.apple.product-type.application";
		};
		39F9BB021BE8D82600161C1E /* MLOnboardingTests */ = {
			isa = PBXNativeTarget;
			buildConfigurationList = 39F9BB1A1BE8D82600161C1E /* Build configuration list for PBXNativeTarget "MLOnboardingTests" */;
			buildPhases = (
				39F9BAFF1BE8D82600161C1E /* Sources */,
				39F9BB001BE8D82600161C1E /* Frameworks */,
				39F9BB011BE8D82600161C1E /* Resources */,
			);
			buildRules = (
			);
			dependencies = (
				39F9BB051BE8D82600161C1E /* PBXTargetDependency */,
			);
			name = MLOnboardingTests;
			productName = MLOnboardingTests;
			productReference = 39F9BB031BE8D82600161C1E /* MLOnboardingTests.xctest */;
			productType = "com.apple.product-type.bundle.unit-test";
		};
		39F9BB0D1BE8D82600161C1E /* MLOnboardingUITests */ = {
			isa = PBXNativeTarget;
			buildConfigurationList = 39F9BB1D1BE8D82600161C1E /* Build configuration list for PBXNativeTarget "MLOnboardingUITests" */;
			buildPhases = (
				39F9BB0A1BE8D82600161C1E /* Sources */,
				39F9BB0B1BE8D82600161C1E /* Frameworks */,
				39F9BB0C1BE8D82600161C1E /* Resources */,
			);
			buildRules = (
			);
			dependencies = (
				39F9BB101BE8D82600161C1E /* PBXTargetDependency */,
			);
			name = MLOnboardingUITests;
			productName = MLOnboardingUITests;
			productReference = 39F9BB0E1BE8D82600161C1E /* MLOnboardingUITests.xctest */;
			productType = "com.apple.product-type.bundle.ui-testing";
		};
/* End PBXNativeTarget section */

/* Begin PBXProject section */
		39F9BADF1BE8D82600161C1E /* Project object */ = {
			isa = PBXProject;
			attributes = {
				LastUpgradeCheck = 0710;
				ORGANIZATIONNAME = "Matthias Ludwig";
				TargetAttributes = {
					39F9BAE61BE8D82600161C1E = {
						CreatedOnToolsVersion = 7.1;
					};
					39F9BB021BE8D82600161C1E = {
						CreatedOnToolsVersion = 7.1;
						TestTargetID = 39F9BAE61BE8D82600161C1E;
					};
					39F9BB0D1BE8D82600161C1E = {
						CreatedOnToolsVersion = 7.1;
						TestTargetID = 39F9BAE61BE8D82600161C1E;
					};
				};
			};
			buildConfigurationList = 39F9BAE21BE8D82600161C1E /* Build configuration list for PBXProject "MLOnboarding" */;
			compatibilityVersion = "Xcode 3.2";
			developmentRegion = English;
			hasScannedForEncodings = 0;
			knownRegions = (
				en,
				Base,
			);
			mainGroup = 39F9BADE1BE8D82600161C1E;
			productRefGroup = 39F9BAE81BE8D82600161C1E /* Products */;
			projectDirPath = "";
			projectRoot = "";
			targets = (
				39F9BAE61BE8D82600161C1E /* MLOnboarding */,
				39F9BB021BE8D82600161C1E /* MLOnboardingTests */,
				39F9BB0D1BE8D82600161C1E /* MLOnboardingUITests */,
			);
		};
/* End PBXProject section */

/* Begin PBXResourcesBuildPhase section */
		39F9BAE51BE8D82600161C1E /* Resources */ = {
			isa = PBXResourcesBuildPhase;
			buildActionMask = 2147483647;
			files = (
				39F9BAFD1BE8D82600161C1E /* LaunchScreen.storyboard in Resources */,
				39F9BAFA1BE8D82600161C1E /* Assets.xcassets in Resources */,
			);
			runOnlyForDeploymentPostprocessing = 0;
		};
		39F9BB011BE8D82600161C1E /* Resources */ = {
			isa = PBXResourcesBuildPhase;
			buildActionMask = 2147483647;
			files = (
			);
			runOnlyForDeploymentPostprocessing = 0;
		};
		39F9BB0C1BE8D82600161C1E /* Resources */ = {
			isa = PBXResourcesBuildPhase;
			buildActionMask = 2147483647;
			files = (
			);
			runOnlyForDeploymentPostprocessing = 0;
		};
/* End PBXResourcesBuildPhase section */

/* Begin PBXSourcesBuildPhase section */
		39F9BAE31BE8D82600161C1E /* Sources */ = {
			isa = PBXSourcesBuildPhase;
			buildActionMask = 2147483647;
			files = (
				39F9BAF21BE8D82600161C1E /* OnboardingContentViewController.m in Sources */,
				39F9BAF81BE8D82600161C1E /* MLOnboarding.xcdatamodeld in Sources */,
				39F9BAEF1BE8D82600161C1E /* AppDelegate.m in Sources */,
				39F9BB221BE8D9F800161C1E /* OnboardingViewController.m in Sources */,
				39F9BAEC1BE8D82600161C1E /* main.m in Sources */,
			);
			runOnlyForDeploymentPostprocessing = 0;
		};
		39F9BAFF1BE8D82600161C1E /* Sources */ = {
			isa = PBXSourcesBuildPhase;
			buildActionMask = 2147483647;
			files = (
				39F9BB081BE8D82600161C1E /* MLOnboardingTests.m in Sources */,
			);
			runOnlyForDeploymentPostprocessing = 0;
		};
		39F9BB0A1BE8D82600161C1E /* Sources */ = {
			isa = PBXSourcesBuildPhase;
			buildActionMask = 2147483647;
			files = (
				39F9BB131BE8D82600161C1E /* MLOnboardingUITests.m in Sources */,
			);
			runOnlyForDeploymentPostprocessing = 0;
		};
/* End PBXSourcesBuildPhase section */

/* Begin PBXTargetDependency section */
		39F9BB051BE8D82600161C1E /* PBXTargetDependency */ = {
			isa = PBXTargetDependency;
			target = 39F9BAE61BE8D82600161C1E /* MLOnboarding */;
			targetProxy = 39F9BB041BE8D82600161C1E /* PBXContainerItemProxy */;
		};
		39F9BB101BE8D82600161C1E /* PBXTargetDependency */ = {
			isa = PBXTargetDependency;
			target = 39F9BAE61BE8D82600161C1E /* MLOnboarding */;
			targetProxy = 39F9BB0F1BE8D82600161C1E /* PBXContainerItemProxy */;
		};
/* End PBXTargetDependency section */

/* Begin PBXVariantGroup section */
		39F9BAFB1BE8D82600161C1E /* LaunchScreen.storyboard */ = {
			isa = PBXVariantGroup;
			children = (
				39F9BAFC1BE8D82600161C1E /* Base */,
			);
			name = LaunchScreen.storyboard;
			sourceTree = "<group>";
		};
/* End PBXVariantGroup section */

/* Begin XCBuildConfiguration section */
		39F9BB151BE8D82600161C1E /* Debug */ = {
			isa = XCBuildConfiguration;
			buildSettings = {
				ALWAYS_SEARCH_USER_PATHS = NO;
				CLANG_CXX_LANGUAGE_STANDARD = "gnu++0x";
				CLANG_CXX_LIBRARY = "libc++";
				CLANG_ENABLE_MODULES = YES;
				CLANG_ENABLE_OBJC_ARC = YES;
				CLANG_WARN_BOOL_CONVERSION = YES;
				CLANG_WARN_CONSTANT_CONVERSION = YES;
				CLANG_WARN_DIRECT_OBJC_ISA_USAGE = YES_ERROR;
				CLANG_WARN_EMPTY_BODY = YES;
				CLANG_WARN_ENUM_CONVERSION = YES;
				CLANG_WARN_INT_CONVERSION = YES;
				CLANG_WARN_OBJC_ROOT_CLASS = YES_ERROR;
				CLANG_WARN_UNREACHABLE_CODE = YES;
				CLANG_WARN__DUPLICATE_METHOD_MATCH = YES;
				"CODE_SIGN_IDENTITY[sdk=iphoneos*]" = "iPhone Developer";
				COPY_PHASE_STRIP = NO;
				DEBUG_INFORMATION_FORMAT = dwarf;
				ENABLE_STRICT_OBJC_MSGSEND = YES;
				ENABLE_TESTABILITY = YES;
				GCC_C_LANGUAGE_STANDARD = gnu99;
				GCC_DYNAMIC_NO_PIC = NO;
				GCC_NO_COMMON_BLOCKS = YES;
				GCC_OPTIMIZATION_LEVEL = 0;
				GCC_PREPROCESSOR_DEFINITIONS = (
					"DEBUG=1",
					"$(inherited)",
				);
				GCC_WARN_64_TO_32_BIT_CONVERSION = YES;
				GCC_WARN_ABOUT_RETURN_TYPE = YES_ERROR;
				GCC_WARN_UNDECLARED_SELECTOR = YES;
				GCC_WARN_UNINITIALIZED_AUTOS = YES_AGGRESSIVE;
				GCC_WARN_UNUSED_FUNCTION = YES;
				GCC_WARN_UNUSED_VARIABLE = YES;
				IPHONEOS_DEPLOYMENT_TARGET = 9.1;
				MTL_ENABLE_DEBUG_INFO = YES;
				ONLY_ACTIVE_ARCH = YES;
				SDKROOT = iphoneos;
			};
			name = Debug;
		};
		39F9BB161BE8D82600161C1E /* Release */ = {
			isa = XCBuildConfiguration;
			buildSettings = {
				ALWAYS_SEARCH_USER_PATHS = NO;
				CLANG_CXX_LANGUAGE_STANDARD = "gnu++0x";
				CLANG_CXX_LIBRARY = "libc++";
				CLANG_ENABLE_MODULES = YES;
				CLANG_ENABLE_OBJC_ARC = YES;
				CLANG_WARN_BOOL_CONVERSION = YES;
				CLANG_WARN_CONSTANT_CONVERSION = YES;
				CLANG_WARN_DIRECT_OBJC_ISA_USAGE = YES_ERROR;
				CLANG_WARN_EMPTY_BODY = YES;
				CLANG_WARN_ENUM_CONVERSION = YES;
				CLANG_WARN_INT_CONVERSION = YES;
				CLANG_WARN_OBJC_ROOT_CLASS = YES_ERROR;
				CLANG_WARN_UNREACHABLE_CODE = YES;
				CLANG_WARN__DUPLICATE_METHOD_MATCH = YES;
				"CODE_SIGN_IDENTITY[sdk=iphoneos*]" = "iPhone Developer";
				COPY_PHASE_STRIP = NO;
				DEBUG_INFORMATION_FORMAT = "dwarf-with-dsym";
				ENABLE_NS_ASSERTIONS = NO;
				ENABLE_STRICT_OBJC_MSGSEND = YES;
				GCC_C_LANGUAGE_STANDARD = gnu99;
				GCC_NO_COMMON_BLOCKS = YES;
				GCC_WARN_64_TO_32_BIT_CONVERSION = YES;
				GCC_WARN_ABOUT_RETURN_TYPE = YES_ERROR;
				GCC_WARN_UNDECLARED_SELECTOR = YES;
				GCC_WARN_UNINITIALIZED_AUTOS = YES_AGGRESSIVE;
				GCC_WARN_UNUSED_FUNCTION = YES;
				GCC_WARN_UNUSED_VARIABLE = YES;
				IPHONEOS_DEPLOYMENT_TARGET = 9.1;
				MTL_ENABLE_DEBUG_INFO = NO;
				SDKROOT = iphoneos;
				VALIDATE_PRODUCT = YES;
			};
			name = Release;
		};
		39F9BB181BE8D82600161C1E /* Debug */ = {
			isa = XCBuildConfiguration;
			buildSettings = {
				ASSETCATALOG_COMPILER_APPICON_NAME = AppIcon;
				INFOPLIST_FILE = MLOnboarding/Info.plist;
				LD_RUNPATH_SEARCH_PATHS = "$(inherited) @executable_path/Frameworks";
				PRODUCT_BUNDLE_IDENTIFIER = org.dieentwickler.MLOnboarding;
				PRODUCT_NAME = "$(TARGET_NAME)";
			};
			name = Debug;
		};
		39F9BB191BE8D82600161C1E /* Release */ = {
			isa = XCBuildConfiguration;
			buildSettings = {
				ASSETCATALOG_COMPILER_APPICON_NAME = AppIcon;
				INFOPLIST_FILE = MLOnboarding/Info.plist;
				LD_RUNPATH_SEARCH_PATHS = "$(inherited) @executable_path/Frameworks";
				PRODUCT_BUNDLE_IDENTIFIER = org.dieentwickler.MLOnboarding;
				PRODUCT_NAME = "$(TARGET_NAME)";
			};
			name = Release;
		};
		39F9BB1B1BE8D82600161C1E /* Debug */ = {
			isa = XCBuildConfiguration;
			buildSettings = {
				BUNDLE_LOADER = "$(TEST_HOST)";
				INFOPLIST_FILE = MLOnboardingTests/Info.plist;
				LD_RUNPATH_SEARCH_PATHS = "$(inherited) @executable_path/Frameworks @loader_path/Frameworks";
				PRODUCT_BUNDLE_IDENTIFIER = org.dieentwickler.MLOnboardingTests;
				PRODUCT_NAME = "$(TARGET_NAME)";
				TEST_HOST = "$(BUILT_PRODUCTS_DIR)/MLOnboarding.app/MLOnboarding";
			};
			name = Debug;
		};
		39F9BB1C1BE8D82600161C1E /* Release */ = {
			isa = XCBuildConfiguration;
			buildSettings = {
				BUNDLE_LOADER = "$(TEST_HOST)";
				INFOPLIST_FILE = MLOnboardingTests/Info.plist;
				LD_RUNPATH_SEARCH_PATHS = "$(inherited) @executable_path/Frameworks @loader_path/Frameworks";
				PRODUCT_BUNDLE_IDENTIFIER = org.dieentwickler.MLOnboardingTests;
				PRODUCT_NAME = "$(TARGET_NAME)";
				TEST_HOST = "$(BUILT_PRODUCTS_DIR)/MLOnboarding.app/MLOnboarding";
			};
			name = Release;
		};
		39F9BB1E1BE8D82600161C1E /* Debug */ = {
			isa = XCBuildConfiguration;
			buildSettings = {
				INFOPLIST_FILE = MLOnboardingUITests/Info.plist;
				LD_RUNPATH_SEARCH_PATHS = "$(inherited) @executable_path/Frameworks @loader_path/Frameworks";
				PRODUCT_BUNDLE_IDENTIFIER = org.dieentwickler.MLOnboardingUITests;
				PRODUCT_NAME = "$(TARGET_NAME)";
				TEST_TARGET_NAME = MLOnboarding;
				USES_XCTRUNNER = YES;
			};
			name = Debug;
		};
		39F9BB1F1BE8D82600161C1E /* Release */ = {
			isa = XCBuildConfiguration;
			buildSettings = {
				INFOPLIST_FILE = MLOnboardingUITests/Info.plist;
				LD_RUNPATH_SEARCH_PATHS = "$(inherited) @executable_path/Frameworks @loader_path/Frameworks";
				PRODUCT_BUNDLE_IDENTIFIER = org.dieentwickler.MLOnboardingUITests;
				PRODUCT_NAME = "$(TARGET_NAME)";
				TEST_TARGET_NAME = MLOnboarding;
				USES_XCTRUNNER = YES;
			};
			name = Release;
		};
/* End XCBuildConfiguration section */

/* Begin XCConfigurationList section */
		39F9BAE21BE8D82600161C1E /* Build configuration list for PBXProject "MLOnboarding" */ = {
			isa = XCConfigurationList;
			buildConfigurations = (
				39F9BB151BE8D82600161C1E /* Debug */,
				39F9BB161BE8D82600161C1E /* Release */,
			);
			defaultConfigurationIsVisible = 0;
			defaultConfigurationName = Release;
		};
		39F9BB171BE8D82600161C1E /* Build configuration list for PBXNativeTarget "MLOnboarding" */ = {
			isa = XCConfigurationList;
			buildConfigurations = (
				39F9BB181BE8D82600161C1E /* Debug */,
				39F9BB191BE8D82600161C1E /* Release */,
			);
			defaultConfigurationIsVisible = 0;
		};
		39F9BB1A1BE8D82600161C1E /* Build configuration list for PBXNativeTarget "MLOnboardingTests" */ = {
			isa = XCConfigurationList;
			buildConfigurations = (
				39F9BB1B1BE8D82600161C1E /* Debug */,
				39F9BB1C1BE8D82600161C1E /* Release */,
			);
			defaultConfigurationIsVisible = 0;
		};
		39F9BB1D1BE8D82600161C1E /* Build configuration list for PBXNativeTarget "MLOnboardingUITests" */ = {
			isa = XCConfigurationList;
			buildConfigurations = (
				39F9BB1E1BE8D82600161C1E /* Debug */,
				39F9BB1F1BE8D82600161C1E /* Release */,
			);
			defaultConfigurationIsVisible = 0;
		};
/* End XCConfigurationList section */

/* Begin XCVersionGroup section */
		39F9BAF61BE8D82600161C1E /* MLOnboarding.xcdatamodeld */ = {
			isa = XCVersionGroup;
			children = (
				39F9BAF71BE8D82600161C1E /* MLOnboarding.xcdatamodel */,
			);
			currentVersion = 39F9BAF71BE8D82600161C1E /* MLOnboarding.xcdatamodel */;
			path = MLOnboarding.xcdatamodeld;
			sourceTree = "<group>";
			versionGroupType = wrapper.xcdatamodel;
		};
/* End XCVersionGroup section */
	};
	rootObject = 39F9BADF1BE8D82600161C1E /* Project object */;
}
